
Microsoft Visual Studio Solution File, Format Version 12.00
# Visual Studio Version 17
VisualStudioVersion = 17.11.35327.3
MinimumVisualStudioVersion = 10.0.40219.1
Project("{FAE04EC0-301F-11D3-BF4B-00C04F79EFBC}") = "Ex002", "Ex002.csproj", "{1E4CDF83-3C3F-49DD-B49E-477129C396A1}"
EndProject
Global
	GlobalSection(SolutionConfigurationPlatforms) = preSolution
		Debug|Any CPU = Debug|Any CPU
		Release|Any CPU = Release|Any CPU
	EndGlobalSection
	GlobalSection(ProjectConfigurationPlatforms) = postSolution
		{1E4CDF83-3C3F-49DD-B49E-477129C396A1}.Debug|Any CPU.ActiveCfg = Debug|Any CPU
		{1E4CDF83-3C3F-49DD-B49E-477129C396A1}.Debug|Any CPU.Build.0 = Debug|Any CPU
		{1E4CDF83-3C3F-49DD-B49E-477129C396A1}.Release|Any CPU.ActiveCfg = Release|Any CPU
		{1E4CDF83-3C3F-49DD-B49E-477129C396A1}.Release|Any CPU.Build.0 = Release|Any CPU
	EndGlobalSection
	GlobalSection(SolutionProperties) = preSolution
		HideSolutionNode = FALSE
	EndGlobalSection
	GlobalSection(ExtensibilityGlobals) = postSolution
		SolutionGuid = {F8FA07CF-1834-4380-A88E-DA3D22D5BF2D}
	EndGlobalSection
EndGlobal
