
Microsoft Visual Studio Solution File, Format Version 12.00
# Visual Studio Version 17
VisualStudioVersion = 17.11.35327.3
MinimumVisualStudioVersion = 10.0.40219.1
Project("{FAE04EC0-301F-11D3-BF4B-00C04F79EFBC}") = "Ex014", "Ex014.csproj", "{1AED416C-B22F-4390-B137-913374DB1151}"
EndProject
Global
	GlobalSection(SolutionConfigurationPlatforms) = preSolution
		Debug|Any CPU = Debug|Any CPU
		Release|Any CPU = Release|Any CPU
	EndGlobalSection
	GlobalSection(ProjectConfigurationPlatforms) = postSolution
		{1AED416C-B22F-4390-B137-913374DB1151}.Debug|Any CPU.ActiveCfg = Debug|Any CPU
		{1AED416C-B22F-4390-B137-913374DB1151}.Debug|Any CPU.Build.0 = Debug|Any CPU
		{1AED416C-B22F-4390-B137-913374DB1151}.Release|Any CPU.ActiveCfg = Release|Any CPU
		{1AED416C-B22F-4390-B137-913374DB1151}.Release|Any CPU.Build.0 = Release|Any CPU
	EndGlobalSection
	GlobalSection(SolutionProperties) = preSolution
		HideSolutionNode = FALSE
	EndGlobalSection
	GlobalSection(ExtensibilityGlobals) = postSolution
		SolutionGuid = {32549C96-B163-44CE-A1FA-2DBA7B0C7A89}
	EndGlobalSection
EndGlobal
