
Microsoft Visual Studio Solution File, Format Version 12.00
# Visual Studio Version 17
VisualStudioVersion = 17.11.35327.3
MinimumVisualStudioVersion = 10.0.40219.1
Project("{FAE04EC0-301F-11D3-BF4B-00C04F79EFBC}") = "AreaTriangulo", "AreaTriangulo.csproj", "{871DA59F-7EE9-4E16-8C75-3AE85C03153C}"
EndProject
Global
	GlobalSection(SolutionConfigurationPlatforms) = preSolution
		Debug|Any CPU = Debug|Any CPU
		Release|Any CPU = Release|Any CPU
	EndGlobalSection
	GlobalSection(ProjectConfigurationPlatforms) = postSolution
		{871DA59F-7EE9-4E16-8C75-3AE85C03153C}.Debug|Any CPU.ActiveCfg = Debug|Any CPU
		{871DA59F-7EE9-4E16-8C75-3AE85C03153C}.Debug|Any CPU.Build.0 = Debug|Any CPU
		{871DA59F-7EE9-4E16-8C75-3AE85C03153C}.Release|Any CPU.ActiveCfg = Release|Any CPU
		{871DA59F-7EE9-4E16-8C75-3AE85C03153C}.Release|Any CPU.Build.0 = Release|Any CPU
	EndGlobalSection
	GlobalSection(SolutionProperties) = preSolution
		HideSolutionNode = FALSE
	EndGlobalSection
	GlobalSection(ExtensibilityGlobals) = postSolution
		SolutionGuid = {E7F605FC-3D3C-4BB5-AF73-758F28E33009}
	EndGlobalSection
EndGlobal
