
Microsoft Visual Studio Solution File, Format Version 12.00
# Visual Studio Version 17
VisualStudioVersion = 17.11.35327.3
MinimumVisualStudioVersion = 10.0.40219.1
Project("{FAE04EC0-301F-11D3-BF4B-00C04F79EFBC}") = "Calculadora", "Calculadora.csproj", "{694D35C8-51DC-4CD8-959D-B5B9A0C8F543}"
EndProject
Global
	GlobalSection(SolutionConfigurationPlatforms) = preSolution
		Debug|Any CPU = Debug|Any CPU
		Release|Any CPU = Release|Any CPU
	EndGlobalSection
	GlobalSection(ProjectConfigurationPlatforms) = postSolution
		{694D35C8-51DC-4CD8-959D-B5B9A0C8F543}.Debug|Any CPU.ActiveCfg = Debug|Any CPU
		{694D35C8-51DC-4CD8-959D-B5B9A0C8F543}.Debug|Any CPU.Build.0 = Debug|Any CPU
		{694D35C8-51DC-4CD8-959D-B5B9A0C8F543}.Release|Any CPU.ActiveCfg = Release|Any CPU
		{694D35C8-51DC-4CD8-959D-B5B9A0C8F543}.Release|Any CPU.Build.0 = Release|Any CPU
	EndGlobalSection
	GlobalSection(SolutionProperties) = preSolution
		HideSolutionNode = FALSE
	EndGlobalSection
	GlobalSection(ExtensibilityGlobals) = postSolution
		SolutionGuid = {716F3C88-6814-4FCB-9676-65BC26C6182F}
	EndGlobalSection
EndGlobal
