
Microsoft Visual Studio Solution File, Format Version 12.00
# Visual Studio Version 17
VisualStudioVersion = 17.11.35327.3
MinimumVisualStudioVersion = 10.0.40219.1
Project("{FAE04EC0-301F-11D3-BF4B-00C04F79EFBC}") = "Ex015", "Ex015.csproj", "{BCBC5559-ECDA-4D80-BA48-A31C1F41F4A7}"
EndProject
Global
	GlobalSection(SolutionConfigurationPlatforms) = preSolution
		Debug|Any CPU = Debug|Any CPU
		Release|Any CPU = Release|Any CPU
	EndGlobalSection
	GlobalSection(ProjectConfigurationPlatforms) = postSolution
		{BCBC5559-ECDA-4D80-BA48-A31C1F41F4A7}.Debug|Any CPU.ActiveCfg = Debug|Any CPU
		{BCBC5559-ECDA-4D80-BA48-A31C1F41F4A7}.Debug|Any CPU.Build.0 = Debug|Any CPU
		{BCBC5559-ECDA-4D80-BA48-A31C1F41F4A7}.Release|Any CPU.ActiveCfg = Release|Any CPU
		{BCBC5559-ECDA-4D80-BA48-A31C1F41F4A7}.Release|Any CPU.Build.0 = Release|Any CPU
	EndGlobalSection
	GlobalSection(SolutionProperties) = preSolution
		HideSolutionNode = FALSE
	EndGlobalSection
	GlobalSection(ExtensibilityGlobals) = postSolution
		SolutionGuid = {3D8A039F-393C-4B89-9537-589B5176987C}
	EndGlobalSection
EndGlobal
