
Microsoft Visual Studio Solution File, Format Version 12.00
# Visual Studio Version 17
VisualStudioVersion = 17.11.35327.3
MinimumVisualStudioVersion = 10.0.40219.1
Project("{FAE04EC0-301F-11D3-BF4B-00C04F79EFBC}") = "AreaTerreno", "AreaTerreno.csproj", "{79872CA1-38B9-4BFF-A977-FECADEDD808B}"
EndProject
Global
	GlobalSection(SolutionConfigurationPlatforms) = preSolution
		Debug|Any CPU = Debug|Any CPU
		Release|Any CPU = Release|Any CPU
	EndGlobalSection
	GlobalSection(ProjectConfigurationPlatforms) = postSolution
		{79872CA1-38B9-4BFF-A977-FECADEDD808B}.Debug|Any CPU.ActiveCfg = Debug|Any CPU
		{79872CA1-38B9-4BFF-A977-FECADEDD808B}.Debug|Any CPU.Build.0 = Debug|Any CPU
		{79872CA1-38B9-4BFF-A977-FECADEDD808B}.Release|Any CPU.ActiveCfg = Release|Any CPU
		{79872CA1-38B9-4BFF-A977-FECADEDD808B}.Release|Any CPU.Build.0 = Release|Any CPU
	EndGlobalSection
	GlobalSection(SolutionProperties) = preSolution
		HideSolutionNode = FALSE
	EndGlobalSection
	GlobalSection(ExtensibilityGlobals) = postSolution
		SolutionGuid = {31E2DF37-A469-4CD3-A31E-47315954DB27}
	EndGlobalSection
EndGlobal
